
Microsoft Visual Studio Solution File, Format Version 12.00
# Visual Studio Version 17
VisualStudioVersion = 17.3.32901.215
MinimumVisualStudioVersion = 10.0.40219.1
Project("{9A19103F-16F7-4668-BE54-9A1E7A4F7556}") = "TestAutomationProject01", "TestAutomationProject01\TestAutomationProject01.csproj", "{436884B1-A656-4B35-A52A-800CFEB60DCD}"
EndProject
Project("{9A19103F-16F7-4668-BE54-9A1E7A4F7556}") = "TestAutomationProject02", "TestAutomationProject02\TestAutomationProject02.csproj", "{5A693218-87AF-48FB-8047-A0828300F34F}"
EndProject
Project("{9A19103F-16F7-4668-BE54-9A1E7A4F7556}") = "TestProject", "TestProject\TestProject.csproj", "{57A508D8-E222-4A1E-843E-4FCCDA6746F1}"
EndProject
Project("{FAE04EC0-301F-11D3-BF4B-00C04F79EFBC}") = "16Paskaita", "16Paskaita\16Paskaita.csproj", "{D2110D69-2CFD-4000-A8F2-FDC83BA19317}"
EndProject
Global
	GlobalSection(SolutionConfigurationPlatforms) = preSolution
		Debug|Any CPU = Debug|Any CPU
		Release|Any CPU = Release|Any CPU
	EndGlobalSection
	GlobalSection(ProjectConfigurationPlatforms) = postSolution
		{436884B1-A656-4B35-A52A-800CFEB60DCD}.Debug|Any CPU.ActiveCfg = Debug|Any CPU
		{436884B1-A656-4B35-A52A-800CFEB60DCD}.Debug|Any CPU.Build.0 = Debug|Any CPU
		{436884B1-A656-4B35-A52A-800CFEB60DCD}.Release|Any CPU.ActiveCfg = Release|Any CPU
		{436884B1-A656-4B35-A52A-800CFEB60DCD}.Release|Any CPU.Build.0 = Release|Any CPU
		{5A693218-87AF-48FB-8047-A0828300F34F}.Debug|Any CPU.ActiveCfg = Debug|Any CPU
		{5A693218-87AF-48FB-8047-A0828300F34F}.Debug|Any CPU.Build.0 = Debug|Any CPU
		{5A693218-87AF-48FB-8047-A0828300F34F}.Release|Any CPU.ActiveCfg = Release|Any CPU
		{5A693218-87AF-48FB-8047-A0828300F34F}.Release|Any CPU.Build.0 = Release|Any CPU
		{57A508D8-E222-4A1E-843E-4FCCDA6746F1}.Debug|Any CPU.ActiveCfg = Debug|Any CPU
		{57A508D8-E222-4A1E-843E-4FCCDA6746F1}.Debug|Any CPU.Build.0 = Debug|Any CPU
		{57A508D8-E222-4A1E-843E-4FCCDA6746F1}.Release|Any CPU.ActiveCfg = Release|Any CPU
		{57A508D8-E222-4A1E-843E-4FCCDA6746F1}.Release|Any CPU.Build.0 = Release|Any CPU
		{D2110D69-2CFD-4000-A8F2-FDC83BA19317}.Debug|Any CPU.ActiveCfg = Debug|Any CPU
		{D2110D69-2CFD-4000-A8F2-FDC83BA19317}.Debug|Any CPU.Build.0 = Debug|Any CPU
		{D2110D69-2CFD-4000-A8F2-FDC83BA19317}.Release|Any CPU.ActiveCfg = Release|Any CPU
		{D2110D69-2CFD-4000-A8F2-FDC83BA19317}.Release|Any CPU.Build.0 = Release|Any CPU
	EndGlobalSection
	GlobalSection(SolutionProperties) = preSolution
		HideSolutionNode = FALSE
	EndGlobalSection
	GlobalSection(ExtensibilityGlobals) = postSolution
		SolutionGuid = {54641247-62D0-459A-B564-BCA2E97E6B92}
	EndGlobalSection
EndGlobal
